{
    "_readme": [
        "This file locks the dependencies of your project to a known state",
        "Read more about it at https://getcomposer.org/doc/01-basic-usage.md#installing-dependencies",
        "This file is @generated automatically"
    ],
    "content-hash": "68eb1c2b5b1e519ef356cef1bdf150ce",
    "packages": [
        {
            "name": "lfphp/func",
            "version": "1.2.10",
            "source": {
                "type": "git",
                "url": "https://github.com/sasumi/Func.git",
                "reference": "ea27dbba13dcfcdd57d54cc539dd424c6ba056f2"
            },
            "dist": {
                "type": "zip",
                "url": "https://api.github.com/repos/sasumi/Func/zipball/ea27dbba13dcfcdd57d54cc539dd424c6ba056f2",
                "reference": "ea27dbba13dcfcdd57d54cc539dd424c6ba056f2",
                "shasum": ""
            },
            "require": {
                "ext-curl": "*",
                "ext-json": "*",
                "ext-mbstring": "*",
                "ext-pdo": "*",
                "php": ">=5.6"
            },
            "require-dev": {
                "ext-ssh2": "*",
                "jasny/phpdoc-parser": "^1.0"
            },
            "type": "library",
            "autoload": {
                "files": [
                    "src/array.php",
                    "src/color.php",
                    "src/cron.php",
                    "src/csp.php",
                    "src/curl.php",
                    "src/db.php",
                    "src/env.php",
                    "src/event.php",
                    "src/file.php",
                    "src/font.php",
                    "src/html.php",
                    "src/http.php",
                    "src/session.php",
                    "src/sheet.php",
                    "src/string.php",
                    "src/time.php",
                    "src/util.php"
                ]
            },
            "notification-url": "https://packagist.org/downloads/",
            "license": [
                "Apache-2.0"
            ],
            "authors": [
                {
                    "name": "Sasumi.H",
                    "email": "cnsasumi@outlook.com",
                    "homepage": "http://blog.yikepi.com/"
                }
            ],
            "description": "A lite function pack for PHP.",
            "homepage": "http://blog.yikepi.com/",
            "keywords": [
                "function"
            ],
            "support": {
                "issues": "https://github.com/sasumi/Func/issues",
                "source": "https://github.com/sasumi/Func/tree/1.2.10"
            },
            "time": "2024-06-11T07:15:19+00:00"
        }
    ],
    "packages-dev": [],
    "aliases": [],
    "minimum-stability": "stable",
    "stability-flags": [],
    "prefer-stable": false,
    "prefer-lowest": false,
    "platform": {
        "ext-json": "*"
    },
    "platform-dev": [],
    "plugin-api-version": "2.6.0"
}
